
Microsoft Visual Studio Solution File, Format Version 12.00
# Visual Studio Version 17
VisualStudioVersion = 17.0.31919.166
MinimumVisualStudioVersion = 10.0.40219.1
Project("{FAE04EC0-301F-11D3-BF4B-00C04F79EFBC}") = "JWTWebApiTutorial", "JWTWebApiTutorial\JWTWebApiTutorial.csproj", "{7832EFC3-F016-45C4-9795-2EEA506AD744}"
EndProject
Global
	GlobalSection(SolutionConfigurationPlatforms) = preSolution
		Debug|Any CPU = Debug|Any CPU
		Release|Any CPU = Release|Any CPU
	EndGlobalSection
	GlobalSection(ProjectConfigurationPlatforms) = postSolution
		{7832EFC3-F016-45C4-9795-2EEA506AD744}.Debug|Any CPU.ActiveCfg = Debug|Any CPU
		{7832EFC3-F016-45C4-9795-2EEA506AD744}.Debug|Any CPU.Build.0 = Debug|Any CPU
		{7832EFC3-F016-45C4-9795-2EEA506AD744}.Release|Any CPU.ActiveCfg = Release|Any CPU
		{7832EFC3-F016-45C4-9795-2EEA506AD744}.Release|Any CPU.Build.0 = Release|Any CPU
	EndGlobalSection
	GlobalSection(SolutionProperties) = preSolution
		HideSolutionNode = FALSE
	EndGlobalSection
	GlobalSection(ExtensibilityGlobals) = postSolution
		SolutionGuid = {A3021961-1419-4226-B585-54F2A1D62806}
	EndGlobalSection
EndGlobal
